
Microsoft Visual Studio Solution File, Format Version 12.00
# Visual Studio 15
VisualStudioVersion = 15.0.26228.9
MinimumVisualStudioVersion = 10.0.40219.1
Project("{FAE04EC0-301F-11D3-BF4B-00C04F79EFBC}") = "EcoCasa.Android", "EcoCasa\EcoCasa.Android\EcoCasa.Android.csproj", "{987FA6CA-B36B-49A9-AA9F-0A79D2CD2A21}"
EndProject
Project("{FAE04EC0-301F-11D3-BF4B-00C04F79EFBC}") = "EcoCasa", "EcoCasa\EcoCasa\EcoCasa.csproj", "{E5D3CE45-5825-460B-8E1D-AC470A8B7B08}"
EndProject
Project("{FAE04EC0-301F-11D3-BF4B-00C04F79EFBC}") = "EcoCasa.UWP", "EcoCasa\EcoCasa.UWP\EcoCasa.UWP.csproj", "{97B81073-83CE-4F42-893D-0AAF8A42A4A6}"
EndProject
Project("{FAE04EC0-301F-11D3-BF4B-00C04F79EFBC}") = "EcoCasa.iOS", "EcoCasa\EcoCasa.iOS\EcoCasa.iOS.csproj", "{BAAEBA0E-8035-457F-B333-4A5365D00954}"
EndProject
Global
	GlobalSection(SolutionConfigurationPlatforms) = preSolution
		Ad-Hoc|Any CPU = Ad-Hoc|Any CPU
		Ad-Hoc|ARM = Ad-Hoc|ARM
		Ad-Hoc|iPhone = Ad-Hoc|iPhone
		Ad-Hoc|iPhoneSimulator = Ad-Hoc|iPhoneSimulator
		Ad-Hoc|x64 = Ad-Hoc|x64
		Ad-Hoc|x86 = Ad-Hoc|x86
		AppStore|Any CPU = AppStore|Any CPU
		AppStore|ARM = AppStore|ARM
		AppStore|iPhone = AppStore|iPhone
		AppStore|iPhoneSimulator = AppStore|iPhoneSimulator
		AppStore|x64 = AppStore|x64
		AppStore|x86 = AppStore|x86
		Debug|Any CPU = Debug|Any CPU
		Debug|ARM = Debug|ARM
		Debug|iPhone = Debug|iPhone
		Debug|iPhoneSimulator = Debug|iPhoneSimulator
		Debug|x64 = Debug|x64
		Debug|x86 = Debug|x86
		Release|Any CPU = Release|Any CPU
		Release|ARM = Release|ARM
		Release|iPhone = Release|iPhone
		Release|iPhoneSimulator = Release|iPhoneSimulator
		Release|x64 = Release|x64
		Release|x86 = Release|x86
	EndGlobalSection
	GlobalSection(ProjectConfigurationPlatforms) = postSolution
		{987FA6CA-B36B-49A9-AA9F-0A79D2CD2A21}.Ad-Hoc|Any CPU.ActiveCfg = Release|Any CPU
		{987FA6CA-B36B-49A9-AA9F-0A79D2CD2A21}.Ad-Hoc|Any CPU.Build.0 = Release|Any CPU
		{987FA6CA-B36B-49A9-AA9F-0A79D2CD2A21}.Ad-Hoc|Any CPU.Deploy.0 = Release|Any CPU
		{987FA6CA-B36B-49A9-AA9F-0A79D2CD2A21}.Ad-Hoc|ARM.ActiveCfg = Release|Any CPU
		{987FA6CA-B36B-49A9-AA9F-0A79D2CD2A21}.Ad-Hoc|ARM.Build.0 = Release|Any CPU
		{987FA6CA-B36B-49A9-AA9F-0A79D2CD2A21}.Ad-Hoc|ARM.Deploy.0 = Release|Any CPU
		{987FA6CA-B36B-49A9-AA9F-0A79D2CD2A21}.Ad-Hoc|iPhone.ActiveCfg = Release|Any CPU
		{987FA6CA-B36B-49A9-AA9F-0A79D2CD2A21}.Ad-Hoc|iPhone.Build.0 = Release|Any CPU
		{987FA6CA-B36B-49A9-AA9F-0A79D2CD2A21}.Ad-Hoc|iPhone.Deploy.0 = Release|Any CPU
		{987FA6CA-B36B-49A9-AA9F-0A79D2CD2A21}.Ad-Hoc|iPhoneSimulator.ActiveCfg = Release|Any CPU
		{987FA6CA-B36B-49A9-AA9F-0A79D2CD2A21}.Ad-Hoc|iPhoneSimulator.Build.0 = Release|Any CPU
		{987FA6CA-B36B-49A9-AA9F-0A79D2CD2A21}.Ad-Hoc|iPhoneSimulator.Deploy.0 = Release|Any CPU
		{987FA6CA-B36B-49A9-AA9F-0A79D2CD2A21}.Ad-Hoc|x64.ActiveCfg = Release|Any CPU
		{987FA6CA-B36B-49A9-AA9F-0A79D2CD2A21}.Ad-Hoc|x64.Build.0 = Release|Any CPU
		{987FA6CA-B36B-49A9-AA9F-0A79D2CD2A21}.Ad-Hoc|x64.Deploy.0 = Release|Any CPU
		{987FA6CA-B36B-49A9-AA9F-0A79D2CD2A21}.Ad-Hoc|x86.ActiveCfg = Release|Any CPU
		{987FA6CA-B36B-49A9-AA9F-0A79D2CD2A21}.Ad-Hoc|x86.Build.0 = Release|Any CPU
		{987FA6CA-B36B-49A9-AA9F-0A79D2CD2A21}.Ad-Hoc|x86.Deploy.0 = Release|Any CPU
		{987FA6CA-B36B-49A9-AA9F-0A79D2CD2A21}.AppStore|Any CPU.ActiveCfg = Release|Any CPU
		{987FA6CA-B36B-49A9-AA9F-0A79D2CD2A21}.AppStore|Any CPU.Build.0 = Release|Any CPU
		{987FA6CA-B36B-49A9-AA9F-0A79D2CD2A21}.AppStore|Any CPU.Deploy.0 = Release|Any CPU
		{987FA6CA-B36B-49A9-AA9F-0A79D2CD2A21}.AppStore|ARM.ActiveCfg = Release|Any CPU
		{987FA6CA-B36B-49A9-AA9F-0A79D2CD2A21}.AppStore|ARM.Build.0 = Release|Any CPU
		{987FA6CA-B36B-49A9-AA9F-0A79D2CD2A21}.AppStore|ARM.Deploy.0 = Release|Any CPU
		{987FA6CA-B36B-49A9-AA9F-0A79D2CD2A21}.AppStore|iPhone.ActiveCfg = Release|Any CPU
		{987FA6CA-B36B-49A9-AA9F-0A79D2CD2A21}.AppStore|iPhone.Build.0 = Release|Any CPU
		{987FA6CA-B36B-49A9-AA9F-0A79D2CD2A21}.AppStore|iPhone.Deploy.0 = Release|Any CPU
		{987FA6CA-B36B-49A9-AA9F-0A79D2CD2A21}.AppStore|iPhoneSimulator.ActiveCfg = Release|Any CPU
		{987FA6CA-B36B-49A9-AA9F-0A79D2CD2A21}.AppStore|iPhoneSimulator.Build.0 = Release|Any CPU
		{987FA6CA-B36B-49A9-AA9F-0A79D2CD2A21}.AppStore|iPhoneSimulator.Deploy.0 = Release|Any CPU
		{987FA6CA-B36B-49A9-AA9F-0A79D2CD2A21}.AppStore|x64.ActiveCfg = Release|Any CPU
		{987FA6CA-B36B-49A9-AA9F-0A79D2CD2A21}.AppStore|x64.Build.0 = Release|Any CPU
		{987FA6CA-B36B-49A9-AA9F-0A79D2CD2A21}.AppStore|x64.Deploy.0 = Release|Any CPU
		{987FA6CA-B36B-49A9-AA9F-0A79D2CD2A21}.AppStore|x86.ActiveCfg = Release|Any CPU
		{987FA6CA-B36B-49A9-AA9F-0A79D2CD2A21}.AppStore|x86.Build.0 = Release|Any CPU
		{987FA6CA-B36B-49A9-AA9F-0A79D2CD2A21}.AppStore|x86.Deploy.0 = Release|Any CPU
		{987FA6CA-B36B-49A9-AA9F-0A79D2CD2A21}.Debug|Any CPU.ActiveCfg = Debug|Any CPU
		{987FA6CA-B36B-49A9-AA9F-0A79D2CD2A21}.Debug|Any CPU.Build.0 = Debug|Any CPU
		{987FA6CA-B36B-49A9-AA9F-0A79D2CD2A21}.Debug|Any CPU.Deploy.0 = Debug|Any CPU
		{987FA6CA-B36B-49A9-AA9F-0A79D2CD2A21}.Debug|ARM.ActiveCfg = Debug|Any CPU
		{987FA6CA-B36B-49A9-AA9F-0A79D2CD2A21}.Debug|ARM.Build.0 = Debug|Any CPU
		{987FA6CA-B36B-49A9-AA9F-0A79D2CD2A21}.Debug|ARM.Deploy.0 = Debug|Any CPU
		{987FA6CA-B36B-49A9-AA9F-0A79D2CD2A21}.Debug|iPhone.ActiveCfg = Debug|Any CPU
		{987FA6CA-B36B-49A9-AA9F-0A79D2CD2A21}.Debug|iPhone.Build.0 = Debug|Any CPU
		{987FA6CA-B36B-49A9-AA9F-0A79D2CD2A21}.Debug|iPhone.Deploy.0 = Debug|Any CPU
		{987FA6CA-B36B-49A9-AA9F-0A79D2CD2A21}.Debug|iPhoneSimulator.ActiveCfg = Debug|Any CPU
		{987FA6CA-B36B-49A9-AA9F-0A79D2CD2A21}.Debug|iPhoneSimulator.Build.0 = Debug|Any CPU
		{987FA6CA-B36B-49A9-AA9F-0A79D2CD2A21}.Debug|iPhoneSimulator.Deploy.0 = Debug|Any CPU
		{987FA6CA-B36B-49A9-AA9F-0A79D2CD2A21}.Debug|x64.ActiveCfg = Debug|Any CPU
		{987FA6CA-B36B-49A9-AA9F-0A79D2CD2A21}.Debug|x64.Build.0 = Debug|Any CPU
		{987FA6CA-B36B-49A9-AA9F-0A79D2CD2A21}.Debug|x64.Deploy.0 = Debug|Any CPU
		{987FA6CA-B36B-49A9-AA9F-0A79D2CD2A21}.Debug|x86.ActiveCfg = Debug|Any CPU
		{987FA6CA-B36B-49A9-AA9F-0A79D2CD2A21}.Debug|x86.Build.0 = Debug|Any CPU
		{987FA6CA-B36B-49A9-AA9F-0A79D2CD2A21}.Debug|x86.Deploy.0 = Debug|Any CPU
		{987FA6CA-B36B-49A9-AA9F-0A79D2CD2A21}.Release|Any CPU.ActiveCfg = Release|Any CPU
		{987FA6CA-B36B-49A9-AA9F-0A79D2CD2A21}.Release|Any CPU.Build.0 = Release|Any CPU
		{987FA6CA-B36B-49A9-AA9F-0A79D2CD2A21}.Release|Any CPU.Deploy.0 = Release|Any CPU
		{987FA6CA-B36B-49A9-AA9F-0A79D2CD2A21}.Release|ARM.ActiveCfg = Release|Any CPU
		{987FA6CA-B36B-49A9-AA9F-0A79D2CD2A21}.Release|ARM.Build.0 = Release|Any CPU
		{987FA6CA-B36B-49A9-AA9F-0A79D2CD2A21}.Release|ARM.Deploy.0 = Release|Any CPU
		{987FA6CA-B36B-49A9-AA9F-0A79D2CD2A21}.Release|iPhone.ActiveCfg = Release|Any CPU
		{987FA6CA-B36B-49A9-AA9F-0A79D2CD2A21}.Release|iPhone.Build.0 = Release|Any CPU
		{987FA6CA-B36B-49A9-AA9F-0A79D2CD2A21}.Release|iPhone.Deploy.0 = Release|Any CPU
		{987FA6CA-B36B-49A9-AA9F-0A79D2CD2A21}.Release|iPhoneSimulator.ActiveCfg = Release|Any CPU
		{987FA6CA-B36B-49A9-AA9F-0A79D2CD2A21}.Release|iPhoneSimulator.Build.0 = Release|Any CPU
		{987FA6CA-B36B-49A9-AA9F-0A79D2CD2A21}.Release|iPhoneSimulator.Deploy.0 = Release|Any CPU
		{987FA6CA-B36B-49A9-AA9F-0A79D2CD2A21}.Release|x64.ActiveCfg = Release|Any CPU
		{987FA6CA-B36B-49A9-AA9F-0A79D2CD2A21}.Release|x64.Build.0 = Release|Any CPU
		{987FA6CA-B36B-49A9-AA9F-0A79D2CD2A21}.Release|x64.Deploy.0 = Release|Any CPU
		{987FA6CA-B36B-49A9-AA9F-0A79D2CD2A21}.Release|x86.ActiveCfg = Release|Any CPU
		{987FA6CA-B36B-49A9-AA9F-0A79D2CD2A21}.Release|x86.Build.0 = Release|Any CPU
		{987FA6CA-B36B-49A9-AA9F-0A79D2CD2A21}.Release|x86.Deploy.0 = Release|Any CPU
		{E5D3CE45-5825-460B-8E1D-AC470A8B7B08}.Ad-Hoc|Any CPU.ActiveCfg = Release|Any CPU
		{E5D3CE45-5825-460B-8E1D-AC470A8B7B08}.Ad-Hoc|Any CPU.Build.0 = Release|Any CPU
		{E5D3CE45-5825-460B-8E1D-AC470A8B7B08}.Ad-Hoc|ARM.ActiveCfg = Release|Any CPU
		{E5D3CE45-5825-460B-8E1D-AC470A8B7B08}.Ad-Hoc|ARM.Build.0 = Release|Any CPU
		{E5D3CE45-5825-460B-8E1D-AC470A8B7B08}.Ad-Hoc|iPhone.ActiveCfg = Release|Any CPU
		{E5D3CE45-5825-460B-8E1D-AC470A8B7B08}.Ad-Hoc|iPhone.Build.0 = Release|Any CPU
		{E5D3CE45-5825-460B-8E1D-AC470A8B7B08}.Ad-Hoc|iPhoneSimulator.ActiveCfg = Release|Any CPU
		{E5D3CE45-5825-460B-8E1D-AC470A8B7B08}.Ad-Hoc|iPhoneSimulator.Build.0 = Release|Any CPU
		{E5D3CE45-5825-460B-8E1D-AC470A8B7B08}.Ad-Hoc|x64.ActiveCfg = Release|Any CPU
		{E5D3CE45-5825-460B-8E1D-AC470A8B7B08}.Ad-Hoc|x64.Build.0 = Release|Any CPU
		{E5D3CE45-5825-460B-8E1D-AC470A8B7B08}.Ad-Hoc|x86.ActiveCfg = Release|Any CPU
		{E5D3CE45-5825-460B-8E1D-AC470A8B7B08}.Ad-Hoc|x86.Build.0 = Release|Any CPU
		{E5D3CE45-5825-460B-8E1D-AC470A8B7B08}.AppStore|Any CPU.ActiveCfg = Release|Any CPU
		{E5D3CE45-5825-460B-8E1D-AC470A8B7B08}.AppStore|Any CPU.Build.0 = Release|Any CPU
		{E5D3CE45-5825-460B-8E1D-AC470A8B7B08}.AppStore|ARM.ActiveCfg = Release|Any CPU
		{E5D3CE45-5825-460B-8E1D-AC470A8B7B08}.AppStore|ARM.Build.0 = Release|Any CPU
		{E5D3CE45-5825-460B-8E1D-AC470A8B7B08}.AppStore|iPhone.ActiveCfg = Release|Any CPU
		{E5D3CE45-5825-460B-8E1D-AC470A8B7B08}.AppStore|iPhone.Build.0 = Release|Any CPU
		{E5D3CE45-5825-460B-8E1D-AC470A8B7B08}.AppStore|iPhoneSimulator.ActiveCfg = Release|Any CPU
		{E5D3CE45-5825-460B-8E1D-AC470A8B7B08}.AppStore|iPhoneSimulator.Build.0 = Release|Any CPU
		{E5D3CE45-5825-460B-8E1D-AC470A8B7B08}.AppStore|x64.ActiveCfg = Release|Any CPU
		{E5D3CE45-5825-460B-8E1D-AC470A8B7B08}.AppStore|x64.Build.0 = Release|Any CPU
		{E5D3CE45-5825-460B-8E1D-AC470A8B7B08}.AppStore|x86.ActiveCfg = Release|Any CPU
		{E5D3CE45-5825-460B-8E1D-AC470A8B7B08}.AppStore|x86.Build.0 = Release|Any CPU
		{E5D3CE45-5825-460B-8E1D-AC470A8B7B08}.Debug|Any CPU.ActiveCfg = Debug|Any CPU
		{E5D3CE45-5825-460B-8E1D-AC470A8B7B08}.Debug|Any CPU.Build.0 = Debug|Any CPU
		{E5D3CE45-5825-460B-8E1D-AC470A8B7B08}.Debug|ARM.ActiveCfg = Debug|Any CPU
		{E5D3CE45-5825-460B-8E1D-AC470A8B7B08}.Debug|ARM.Build.0 = Debug|Any CPU
		{E5D3CE45-5825-460B-8E1D-AC470A8B7B08}.Debug|iPhone.ActiveCfg = Debug|Any CPU
		{E5D3CE45-5825-460B-8E1D-AC470A8B7B08}.Debug|iPhone.Build.0 = Debug|Any CPU
		{E5D3CE45-5825-460B-8E1D-AC470A8B7B08}.Debug|iPhoneSimulator.ActiveCfg = Debug|Any CPU
		{E5D3CE45-5825-460B-8E1D-AC470A8B7B08}.Debug|iPhoneSimulator.Build.0 = Debug|Any CPU
		{E5D3CE45-5825-460B-8E1D-AC470A8B7B08}.Debug|x64.ActiveCfg = Debug|Any CPU
		{E5D3CE45-5825-460B-8E1D-AC470A8B7B08}.Debug|x64.Build.0 = Debug|Any CPU
		{E5D3CE45-5825-460B-8E1D-AC470A8B7B08}.Debug|x86.ActiveCfg = Debug|Any CPU
		{E5D3CE45-5825-460B-8E1D-AC470A8B7B08}.Debug|x86.Build.0 = Debug|Any CPU
		{E5D3CE45-5825-460B-8E1D-AC470A8B7B08}.Release|Any CPU.ActiveCfg = Release|Any CPU
		{E5D3CE45-5825-460B-8E1D-AC470A8B7B08}.Release|Any CPU.Build.0 = Release|Any CPU
		{E5D3CE45-5825-460B-8E1D-AC470A8B7B08}.Release|ARM.ActiveCfg = Release|Any CPU
		{E5D3CE45-5825-460B-8E1D-AC470A8B7B08}.Release|ARM.Build.0 = Release|Any CPU
		{E5D3CE45-5825-460B-8E1D-AC470A8B7B08}.Release|iPhone.ActiveCfg = Release|Any CPU
		{E5D3CE45-5825-460B-8E1D-AC470A8B7B08}.Release|iPhone.Build.0 = Release|Any CPU
		{E5D3CE45-5825-460B-8E1D-AC470A8B7B08}.Release|iPhoneSimulator.ActiveCfg = Release|Any CPU
		{E5D3CE45-5825-460B-8E1D-AC470A8B7B08}.Release|iPhoneSimulator.Build.0 = Release|Any CPU
		{E5D3CE45-5825-460B-8E1D-AC470A8B7B08}.Release|x64.ActiveCfg = Release|Any CPU
		{E5D3CE45-5825-460B-8E1D-AC470A8B7B08}.Release|x64.Build.0 = Release|Any CPU
		{E5D3CE45-5825-460B-8E1D-AC470A8B7B08}.Release|x86.ActiveCfg = Release|Any CPU
		{E5D3CE45-5825-460B-8E1D-AC470A8B7B08}.Release|x86.Build.0 = Release|Any CPU
		{97B81073-83CE-4F42-893D-0AAF8A42A4A6}.Ad-Hoc|Any CPU.ActiveCfg = Release|x86
		{97B81073-83CE-4F42-893D-0AAF8A42A4A6}.Ad-Hoc|Any CPU.Build.0 = Release|x86
		{97B81073-83CE-4F42-893D-0AAF8A42A4A6}.Ad-Hoc|Any CPU.Deploy.0 = Release|x86
		{97B81073-83CE-4F42-893D-0AAF8A42A4A6}.Ad-Hoc|ARM.ActiveCfg = Release|ARM
		{97B81073-83CE-4F42-893D-0AAF8A42A4A6}.Ad-Hoc|ARM.Build.0 = Release|ARM
		{97B81073-83CE-4F42-893D-0AAF8A42A4A6}.Ad-Hoc|ARM.Deploy.0 = Release|ARM
		{97B81073-83CE-4F42-893D-0AAF8A42A4A6}.Ad-Hoc|iPhone.ActiveCfg = Release|x86
		{97B81073-83CE-4F42-893D-0AAF8A42A4A6}.Ad-Hoc|iPhone.Build.0 = Release|x86
		{97B81073-83CE-4F42-893D-0AAF8A42A4A6}.Ad-Hoc|iPhone.Deploy.0 = Release|x86
		{97B81073-83CE-4F42-893D-0AAF8A42A4A6}.Ad-Hoc|iPhoneSimulator.ActiveCfg = Release|x86
		{97B81073-83CE-4F42-893D-0AAF8A42A4A6}.Ad-Hoc|iPhoneSimulator.Build.0 = Release|x86
		{97B81073-83CE-4F42-893D-0AAF8A42A4A6}.Ad-Hoc|iPhoneSimulator.Deploy.0 = Release|x86
		{97B81073-83CE-4F42-893D-0AAF8A42A4A6}.Ad-Hoc|x64.ActiveCfg = Release|x64
		{97B81073-83CE-4F42-893D-0AAF8A42A4A6}.Ad-Hoc|x64.Build.0 = Release|x64
		{97B81073-83CE-4F42-893D-0AAF8A42A4A6}.Ad-Hoc|x64.Deploy.0 = Release|x64
		{97B81073-83CE-4F42-893D-0AAF8A42A4A6}.Ad-Hoc|x86.ActiveCfg = Release|x86
		{97B81073-83CE-4F42-893D-0AAF8A42A4A6}.Ad-Hoc|x86.Build.0 = Release|x86
		{97B81073-83CE-4F42-893D-0AAF8A42A4A6}.Ad-Hoc|x86.Deploy.0 = Release|x86
		{97B81073-83CE-4F42-893D-0AAF8A42A4A6}.AppStore|Any CPU.ActiveCfg = Release|x86
		{97B81073-83CE-4F42-893D-0AAF8A42A4A6}.AppStore|Any CPU.Build.0 = Release|x86
		{97B81073-83CE-4F42-893D-0AAF8A42A4A6}.AppStore|Any CPU.Deploy.0 = Release|x86
		{97B81073-83CE-4F42-893D-0AAF8A42A4A6}.AppStore|ARM.ActiveCfg = Release|ARM
		{97B81073-83CE-4F42-893D-0AAF8A42A4A6}.AppStore|ARM.Build.0 = Release|ARM
		{97B81073-83CE-4F42-893D-0AAF8A42A4A6}.AppStore|ARM.Deploy.0 = Release|ARM
		{97B81073-83CE-4F42-893D-0AAF8A42A4A6}.AppStore|iPhone.ActiveCfg = Release|x86
		{97B81073-83CE-4F42-893D-0AAF8A42A4A6}.AppStore|iPhone.Build.0 = Release|x86
		{97B81073-83CE-4F42-893D-0AAF8A42A4A6}.AppStore|iPhone.Deploy.0 = Release|x86
		{97B81073-83CE-4F42-893D-0AAF8A42A4A6}.AppStore|iPhoneSimulator.ActiveCfg = Release|x86
		{97B81073-83CE-4F42-893D-0AAF8A42A4A6}.AppStore|iPhoneSimulator.Build.0 = Release|x86
		{97B81073-83CE-4F42-893D-0AAF8A42A4A6}.AppStore|iPhoneSimulator.Deploy.0 = Release|x86
		{97B81073-83CE-4F42-893D-0AAF8A42A4A6}.AppStore|x64.ActiveCfg = Release|x64
		{97B81073-83CE-4F42-893D-0AAF8A42A4A6}.AppStore|x64.Build.0 = Release|x64
		{97B81073-83CE-4F42-893D-0AAF8A42A4A6}.AppStore|x64.Deploy.0 = Release|x64
		{97B81073-83CE-4F42-893D-0AAF8A42A4A6}.AppStore|x86.ActiveCfg = Release|x86
		{97B81073-83CE-4F42-893D-0AAF8A42A4A6}.AppStore|x86.Build.0 = Release|x86
		{97B81073-83CE-4F42-893D-0AAF8A42A4A6}.AppStore|x86.Deploy.0 = Release|x86
		{97B81073-83CE-4F42-893D-0AAF8A42A4A6}.Debug|Any CPU.ActiveCfg = Debug|x86
		{97B81073-83CE-4F42-893D-0AAF8A42A4A6}.Debug|ARM.ActiveCfg = Debug|ARM
		{97B81073-83CE-4F42-893D-0AAF8A42A4A6}.Debug|ARM.Build.0 = Debug|ARM
		{97B81073-83CE-4F42-893D-0AAF8A42A4A6}.Debug|ARM.Deploy.0 = Debug|ARM
		{97B81073-83CE-4F42-893D-0AAF8A42A4A6}.Debug|iPhone.ActiveCfg = Debug|x86
		{97B81073-83CE-4F42-893D-0AAF8A42A4A6}.Debug|iPhoneSimulator.ActiveCfg = Debug|x86
		{97B81073-83CE-4F42-893D-0AAF8A42A4A6}.Debug|x64.ActiveCfg = Debug|x64
		{97B81073-83CE-4F42-893D-0AAF8A42A4A6}.Debug|x64.Build.0 = Debug|x64
		{97B81073-83CE-4F42-893D-0AAF8A42A4A6}.Debug|x64.Deploy.0 = Debug|x64
		{97B81073-83CE-4F42-893D-0AAF8A42A4A6}.Debug|x86.ActiveCfg = Debug|x86
		{97B81073-83CE-4F42-893D-0AAF8A42A4A6}.Debug|x86.Build.0 = Debug|x86
		{97B81073-83CE-4F42-893D-0AAF8A42A4A6}.Debug|x86.Deploy.0 = Debug|x86
		{97B81073-83CE-4F42-893D-0AAF8A42A4A6}.Release|Any CPU.ActiveCfg = Release|x86
		{97B81073-83CE-4F42-893D-0AAF8A42A4A6}.Release|ARM.ActiveCfg = Release|ARM
		{97B81073-83CE-4F42-893D-0AAF8A42A4A6}.Release|ARM.Build.0 = Release|ARM
		{97B81073-83CE-4F42-893D-0AAF8A42A4A6}.Release|ARM.Deploy.0 = Release|ARM
		{97B81073-83CE-4F42-893D-0AAF8A42A4A6}.Release|iPhone.ActiveCfg = Release|x86
		{97B81073-83CE-4F42-893D-0AAF8A42A4A6}.Release|iPhoneSimulator.ActiveCfg = Release|x86
		{97B81073-83CE-4F42-893D-0AAF8A42A4A6}.Release|x64.ActiveCfg = Release|x64
		{97B81073-83CE-4F42-893D-0AAF8A42A4A6}.Release|x64.Build.0 = Release|x64
		{97B81073-83CE-4F42-893D-0AAF8A42A4A6}.Release|x64.Deploy.0 = Release|x64
		{97B81073-83CE-4F42-893D-0AAF8A42A4A6}.Release|x86.ActiveCfg = Release|x86
		{97B81073-83CE-4F42-893D-0AAF8A42A4A6}.Release|x86.Build.0 = Release|x86
		{97B81073-83CE-4F42-893D-0AAF8A42A4A6}.Release|x86.Deploy.0 = Release|x86
		{BAAEBA0E-8035-457F-B333-4A5365D00954}.Ad-Hoc|Any CPU.ActiveCfg = Ad-Hoc|iPhone
		{BAAEBA0E-8035-457F-B333-4A5365D00954}.Ad-Hoc|ARM.ActiveCfg = Ad-Hoc|iPhone
		{BAAEBA0E-8035-457F-B333-4A5365D00954}.Ad-Hoc|iPhone.ActiveCfg = Ad-Hoc|iPhone
		{BAAEBA0E-8035-457F-B333-4A5365D00954}.Ad-Hoc|iPhone.Build.0 = Ad-Hoc|iPhone
		{BAAEBA0E-8035-457F-B333-4A5365D00954}.Ad-Hoc|iPhoneSimulator.ActiveCfg = Ad-Hoc|iPhoneSimulator
		{BAAEBA0E-8035-457F-B333-4A5365D00954}.Ad-Hoc|iPhoneSimulator.Build.0 = Ad-Hoc|iPhoneSimulator
		{BAAEBA0E-8035-457F-B333-4A5365D00954}.Ad-Hoc|x64.ActiveCfg = Ad-Hoc|iPhone
		{BAAEBA0E-8035-457F-B333-4A5365D00954}.Ad-Hoc|x86.ActiveCfg = Ad-Hoc|iPhone
		{BAAEBA0E-8035-457F-B333-4A5365D00954}.AppStore|Any CPU.ActiveCfg = AppStore|iPhone
		{BAAEBA0E-8035-457F-B333-4A5365D00954}.AppStore|ARM.ActiveCfg = AppStore|iPhone
		{BAAEBA0E-8035-457F-B333-4A5365D00954}.AppStore|iPhone.ActiveCfg = AppStore|iPhone
		{BAAEBA0E-8035-457F-B333-4A5365D00954}.AppStore|iPhone.Build.0 = AppStore|iPhone
		{BAAEBA0E-8035-457F-B333-4A5365D00954}.AppStore|iPhoneSimulator.ActiveCfg = AppStore|iPhoneSimulator
		{BAAEBA0E-8035-457F-B333-4A5365D00954}.AppStore|iPhoneSimulator.Build.0 = AppStore|iPhoneSimulator
		{BAAEBA0E-8035-457F-B333-4A5365D00954}.AppStore|x64.ActiveCfg = AppStore|iPhone
		{BAAEBA0E-8035-457F-B333-4A5365D00954}.AppStore|x86.ActiveCfg = AppStore|iPhone
		{BAAEBA0E-8035-457F-B333-4A5365D00954}.Debug|Any CPU.ActiveCfg = Debug|iPhone
		{BAAEBA0E-8035-457F-B333-4A5365D00954}.Debug|ARM.ActiveCfg = Debug|iPhone
		{BAAEBA0E-8035-457F-B333-4A5365D00954}.Debug|iPhone.ActiveCfg = Debug|iPhone
		{BAAEBA0E-8035-457F-B333-4A5365D00954}.Debug|iPhone.Build.0 = Debug|iPhone
		{BAAEBA0E-8035-457F-B333-4A5365D00954}.Debug|iPhoneSimulator.ActiveCfg = Debug|iPhoneSimulator
		{BAAEBA0E-8035-457F-B333-4A5365D00954}.Debug|iPhoneSimulator.Build.0 = Debug|iPhoneSimulator
		{BAAEBA0E-8035-457F-B333-4A5365D00954}.Debug|x64.ActiveCfg = Debug|iPhone
		{BAAEBA0E-8035-457F-B333-4A5365D00954}.Debug|x86.ActiveCfg = Debug|iPhone
		{BAAEBA0E-8035-457F-B333-4A5365D00954}.Release|Any CPU.ActiveCfg = Release|iPhone
		{BAAEBA0E-8035-457F-B333-4A5365D00954}.Release|ARM.ActiveCfg = Release|iPhone
		{BAAEBA0E-8035-457F-B333-4A5365D00954}.Release|iPhone.ActiveCfg = Release|iPhone
		{BAAEBA0E-8035-457F-B333-4A5365D00954}.Release|iPhone.Build.0 = Release|iPhone
		{BAAEBA0E-8035-457F-B333-4A5365D00954}.Release|iPhoneSimulator.ActiveCfg = Release|iPhoneSimulator
		{BAAEBA0E-8035-457F-B333-4A5365D00954}.Release|iPhoneSimulator.Build.0 = Release|iPhoneSimulator
		{BAAEBA0E-8035-457F-B333-4A5365D00954}.Release|x64.ActiveCfg = Release|iPhone
		{BAAEBA0E-8035-457F-B333-4A5365D00954}.Release|x86.ActiveCfg = Release|iPhone
	EndGlobalSection
	GlobalSection(SolutionProperties) = preSolution
		HideSolutionNode = FALSE
	EndGlobalSection
EndGlobal
